// !$*UTF8*$!
{
	archiveVersion = 1;
	classes = {
	};
	objectVersion = 50;
	objects = {

/* Begin PBXBuildFile section */
		9758D60F25FFD8F200EA3604 /* memorymanager.c in Sources */ = {isa = PBXBuildFile; fileRef = 9758D60E25FFD8F200EA3604 /* memorymanager.c */; };
		97DB478C25D45BB9003A779C /* interpreter.c in Sources */ = {isa = PBXBuildFile; fileRef = 97DB478B25D45BB9003A779C /* interpreter.c */; };
		97DB479025D45BE1003A779C /* makefile in Sources */ = {isa = PBXBuildFile; fileRef = 97DB478F25D45BE1003A779C /* makefile */; };
		97DB479625D45C0C003A779C /* shell.c in Sources */ = {isa = PBXBuildFile; fileRef = 97DB479525D45C0C003A779C /* shell.c */; };
		97DB479A25D45C24003A779C /* shellmemory.c in Sources */ = {isa = PBXBuildFile; fileRef = 97DB479925D45C24003A779C /* shellmemory.c */; };
		97DB47A025D45CE6003A779C /* kernel.c in Sources */ = {isa = PBXBuildFile; fileRef = 97DB479F25D45CE6003A779C /* kernel.c */; };
		97DB47A425D45CFF003A779C /* cpu.c in Sources */ = {isa = PBXBuildFile; fileRef = 97DB47A325D45CFF003A779C /* cpu.c */; };
		97DB47A825D45D13003A779C /* pcb.c in Sources */ = {isa = PBXBuildFile; fileRef = 97DB47A725D45D13003A779C /* pcb.c */; };
		97DB47AC25D45D26003A779C /* ram.c in Sources */ = {isa = PBXBuildFile; fileRef = 97DB47AB25D45D26003A779C /* ram.c */; };
/* End PBXBuildFile section */

/* Begin PBXCopyFilesBuildPhase section */
		97DB477D25D4598F003A779C /* CopyFiles */ = {
			isa = PBXCopyFilesBuildPhase;
			buildActionMask = 2147483647;
			dstPath = /usr/share/man/man1/;
			dstSubfolderSpec = 0;
			files = (
			);
			runOnlyForDeploymentPostprocessing = 1;
		};
/* End PBXCopyFilesBuildPhase section */

/* Begin PBXFileReference section */
		9758D60D25FFD8F200EA3604 /* memorymanager.h */ = {isa = PBXFileReference; lastKnownFileType = sourcecode.c.h; path = memorymanager.h; sourceTree = "<group>"; };
		9758D60E25FFD8F200EA3604 /* memorymanager.c */ = {isa = PBXFileReference; lastKnownFileType = sourcecode.c.c; path = memorymanager.c; sourceTree = "<group>"; };
		97DB477F25D4598F003A779C /* simple_os */ = {isa = PBXFileReference; explicitFileType = "compiled.mach-o.executable"; includeInIndex = 0; path = simple_os; sourceTree = BUILT_PRODUCTS_DIR; };
		97DB478B25D45BB9003A779C /* interpreter.c */ = {isa = PBXFileReference; fileEncoding = 4; lastKnownFileType = sourcecode.c.c; path = interpreter.c; sourceTree = "<group>"; };
		97DB478E25D45BD8003A779C /* interpreter.h */ = {isa = PBXFileReference; fileEncoding = 4; lastKnownFileType = sourcecode.c.h; path = interpreter.h; sourceTree = "<group>"; };
		97DB478F25D45BE1003A779C /* makefile */ = {isa = PBXFileReference; fileEncoding = 4; lastKnownFileType = sourcecode.make; path = makefile; sourceTree = "<group>"; };
		97DB479525D45C0C003A779C /* shell.c */ = {isa = PBXFileReference; fileEncoding = 4; lastKnownFileType = sourcecode.c.c; path = shell.c; sourceTree = "<group>"; };
		97DB479825D45C15003A779C /* shell.h */ = {isa = PBXFileReference; fileEncoding = 4; lastKnownFileType = sourcecode.c.h; path = shell.h; sourceTree = "<group>"; };
		97DB479925D45C24003A779C /* shellmemory.c */ = {isa = PBXFileReference; fileEncoding = 4; lastKnownFileType = sourcecode.c.c; path = shellmemory.c; sourceTree = "<group>"; };
		97DB479C25D45C2B003A779C /* shellmemory.h */ = {isa = PBXFileReference; fileEncoding = 4; lastKnownFileType = sourcecode.c.h; path = shellmemory.h; sourceTree = "<group>"; };
		97DB479E25D45CE6003A779C /* kernel.h */ = {isa = PBXFileReference; lastKnownFileType = sourcecode.c.h; path = kernel.h; sourceTree = "<group>"; };
		97DB479F25D45CE6003A779C /* kernel.c */ = {isa = PBXFileReference; lastKnownFileType = sourcecode.c.c; path = kernel.c; sourceTree = "<group>"; };
		97DB47A225D45CFF003A779C /* cpu.h */ = {isa = PBXFileReference; lastKnownFileType = sourcecode.c.h; path = cpu.h; sourceTree = "<group>"; };
		97DB47A325D45CFF003A779C /* cpu.c */ = {isa = PBXFileReference; lastKnownFileType = sourcecode.c.c; path = cpu.c; sourceTree = "<group>"; };
		97DB47A625D45D13003A779C /* pcb.h */ = {isa = PBXFileReference; lastKnownFileType = sourcecode.c.h; path = pcb.h; sourceTree = "<group>"; };
		97DB47A725D45D13003A779C /* pcb.c */ = {isa = PBXFileReference; lastKnownFileType = sourcecode.c.c; path = pcb.c; sourceTree = "<group>"; };
		97DB47AA25D45D26003A779C /* ram.h */ = {isa = PBXFileReference; lastKnownFileType = sourcecode.c.h; path = ram.h; sourceTree = "<group>"; };
		97DB47AB25D45D26003A779C /* ram.c */ = {isa = PBXFileReference; lastKnownFileType = sourcecode.c.c; path = ram.c; sourceTree = "<group>"; };
/* End PBXFileReference section */

/* Begin PBXFrameworksBuildPhase section */
		97DB477C25D4598F003A779C /* Frameworks */ = {
			isa = PBXFrameworksBuildPhase;
			buildActionMask = 2147483647;
			files = (
			);
			runOnlyForDeploymentPostprocessing = 0;
		};
/* End PBXFrameworksBuildPhase section */

/* Begin PBXGroup section */
		97DB477625D4598F003A779C = {
			isa = PBXGroup;
			children = (
				97DB478125D4598F003A779C /* simple_os */,
				97DB478025D4598F003A779C /* Products */,
			);
			sourceTree = "<group>";
		};
		97DB478025D4598F003A779C /* Products */ = {
			isa = PBXGroup;
			children = (
				97DB477F25D4598F003A779C /* simple_os */,
			);
			name = Products;
			sourceTree = "<group>";
		};
		97DB478125D4598F003A779C /* simple_os */ = {
			isa = PBXGroup;
			children = (
				97DB479C25D45C2B003A779C /* shellmemory.h */,
				97DB479925D45C24003A779C /* shellmemory.c */,
				97DB479825D45C15003A779C /* shell.h */,
				97DB479525D45C0C003A779C /* shell.c */,
				97DB478F25D45BE1003A779C /* makefile */,
				97DB478E25D45BD8003A779C /* interpreter.h */,
				97DB478B25D45BB9003A779C /* interpreter.c */,
				97DB479E25D45CE6003A779C /* kernel.h */,
				97DB479F25D45CE6003A779C /* kernel.c */,
				97DB47A225D45CFF003A779C /* cpu.h */,
				97DB47A325D45CFF003A779C /* cpu.c */,
				97DB47A625D45D13003A779C /* pcb.h */,
				97DB47A725D45D13003A779C /* pcb.c */,
				97DB47AA25D45D26003A779C /* ram.h */,
				97DB47AB25D45D26003A779C /* ram.c */,
				9758D60D25FFD8F200EA3604 /* memorymanager.h */,
				9758D60E25FFD8F200EA3604 /* memorymanager.c */,
			);
			path = simple_os;
			sourceTree = "<group>";
		};
/* End PBXGroup section */

/* Begin PBXNativeTarget section */
		97DB477E25D4598F003A779C /* simple_os */ = {
			isa = PBXNativeTarget;
			buildConfigurationList = 97DB478625D4598F003A779C /* Build configuration list for PBXNativeTarget "simple_os" */;
			buildPhases = (
				97DB477B25D4598F003A779C /* Sources */,
				97DB477C25D4598F003A779C /* Frameworks */,
				97DB477D25D4598F003A779C /* CopyFiles */,
			);
			buildRules = (
			);
			dependencies = (
			);
			name = simple_os;
			productName = simple_os;
			productReference = 97DB477F25D4598F003A779C /* simple_os */;
			productType = "com.apple.product-type.tool";
		};
/* End PBXNativeTarget section */

/* Begin PBXProject section */
		97DB477725D4598F003A779C /* Project object */ = {
			isa = PBXProject;
			attributes = {
				LastUpgradeCheck = 1230;
				TargetAttributes = {
					97DB477E25D4598F003A779C = {
						CreatedOnToolsVersion = 12.3;
					};
				};
			};
			buildConfigurationList = 97DB477A25D4598F003A779C /* Build configuration list for PBXProject "simple_os" */;
			compatibilityVersion = "Xcode 9.3";
			developmentRegion = en;
			hasScannedForEncodings = 0;
			knownRegions = (
				en,
				Base,
			);
			mainGroup = 97DB477625D4598F003A779C;
			productRefGroup = 97DB478025D4598F003A779C /* Products */;
			projectDirPath = "";
			projectRoot = "";
			targets = (
				97DB477E25D4598F003A779C /* simple_os */,
			);
		};
/* End PBXProject section */

/* Begin PBXSourcesBuildPhase section */
		97DB477B25D4598F003A779C /* Sources */ = {
			isa = PBXSourcesBuildPhase;
			buildActionMask = 2147483647;
			files = (
				97DB47A425D45CFF003A779C /* cpu.c in Sources */,
				97DB47A025D45CE6003A779C /* kernel.c in Sources */,
				97DB479625D45C0C003A779C /* shell.c in Sources */,
				97DB479025D45BE1003A779C /* makefile in Sources */,
				9758D60F25FFD8F200EA3604 /* memorymanager.c in Sources */,
				97DB47A825D45D13003A779C /* pcb.c in Sources */,
				97DB478C25D45BB9003A779C /* interpreter.c in Sources */,
				97DB47AC25D45D26003A779C /* ram.c in Sources */,
				97DB479A25D45C24003A779C /* shellmemory.c in Sources */,
			);
			runOnlyForDeploymentPostprocessing = 0;
		};
/* End PBXSourcesBuildPhase section */

/* Begin XCBuildConfiguration section */
		97DB478425D4598F003A779C /* Debug */ = {
			isa = XCBuildConfiguration;
			buildSettings = {
				ALWAYS_SEARCH_USER_PATHS = NO;
				CLANG_ANALYZER_NONNULL = YES;
				CLANG_ANALYZER_NUMBER_OBJECT_CONVERSION = YES_AGGRESSIVE;
				CLANG_CXX_LANGUAGE_STANDARD = "gnu++14";
				CLANG_CXX_LIBRARY = "libc++";
				CLANG_ENABLE_MODULES = YES;
				CLANG_ENABLE_OBJC_ARC = YES;
				CLANG_ENABLE_OBJC_WEAK = YES;
				CLANG_WARN_BLOCK_CAPTURE_AUTORELEASING = YES;
				CLANG_WARN_BOOL_CONVERSION = YES;
				CLANG_WARN_COMMA = YES;
				CLANG_WARN_CONSTANT_CONVERSION = YES;
				CLANG_WARN_DEPRECATED_OBJC_IMPLEMENTATIONS = YES;
				CLANG_WARN_DIRECT_OBJC_ISA_USAGE = YES_ERROR;
				CLANG_WARN_DOCUMENTATION_COMMENTS = YES;
				CLANG_WARN_EMPTY_BODY = YES;
				CLANG_WARN_ENUM_CONVERSION = YES;
				CLANG_WARN_INFINITE_RECURSION = YES;
				CLANG_WARN_INT_CONVERSION = YES;
				CLANG_WARN_NON_LITERAL_NULL_CONVERSION = YES;
				CLANG_WARN_OBJC_IMPLICIT_RETAIN_SELF = YES;
				CLANG_WARN_OBJC_LITERAL_CONVERSION = YES;
				CLANG_WARN_OBJC_ROOT_CLASS = YES_ERROR;
				CLANG_WARN_QUOTED_INCLUDE_IN_FRAMEWORK_HEADER = YES;
				CLANG_WARN_RANGE_LOOP_ANALYSIS = YES;
				CLANG_WARN_STRICT_PROTOTYPES = YES;
				CLANG_WARN_SUSPICIOUS_MOVE = YES;
				CLANG_WARN_UNGUARDED_AVAILABILITY = YES_AGGRESSIVE;
				CLANG_WARN_UNREACHABLE_CODE = YES;
				CLANG_WARN__DUPLICATE_METHOD_MATCH = YES;
				COPY_PHASE_STRIP = NO;
				DEBUG_INFORMATION_FORMAT = dwarf;
				ENABLE_STRICT_OBJC_MSGSEND = YES;
				ENABLE_TESTABILITY = YES;
				GCC_C_LANGUAGE_STANDARD = gnu11;
				GCC_DYNAMIC_NO_PIC = NO;
				GCC_NO_COMMON_BLOCKS = YES;
				GCC_OPTIMIZATION_LEVEL = 0;
				GCC_PREPROCESSOR_DEFINITIONS = (
					"DEBUG=1",
					"$(inherited)",
				);
				GCC_WARN_64_TO_32_BIT_CONVERSION = YES;
				GCC_WARN_ABOUT_RETURN_TYPE = YES_ERROR;
				GCC_WARN_UNDECLARED_SELECTOR = YES;
				GCC_WARN_UNINITIALIZED_AUTOS = YES_AGGRESSIVE;
				GCC_WARN_UNUSED_FUNCTION = YES;
				GCC_WARN_UNUSED_VARIABLE = YES;
				MACOSX_DEPLOYMENT_TARGET = 11.0;
				MTL_ENABLE_DEBUG_INFO = INCLUDE_SOURCE;
				MTL_FAST_MATH = YES;
				ONLY_ACTIVE_ARCH = YES;
				SDKROOT = macosx;
			};
			name = Debug;
		};
		97DB478525D4598F003A779C /* Release */ = {
			isa = XCBuildConfiguration;
			buildSettings = {
				ALWAYS_SEARCH_USER_PATHS = NO;
				CLANG_ANALYZER_NONNULL = YES;
				CLANG_ANALYZER_NUMBER_OBJECT_CONVERSION = YES_AGGRESSIVE;
				CLANG_CXX_LANGUAGE_STANDARD = "gnu++14";
				CLANG_CXX_LIBRARY = "libc++";
				CLANG_ENABLE_MODULES = YES;
				CLANG_ENABLE_OBJC_ARC = YES;
				CLANG_ENABLE_OBJC_WEAK = YES;
				CLANG_WARN_BLOCK_CAPTURE_AUTORELEASING = YES;
				CLANG_WARN_BOOL_CONVERSION = YES;
				CLANG_WARN_COMMA = YES;
				CLANG_WARN_CONSTANT_CONVERSION = YES;
				CLANG_WARN_DEPRECATED_OBJC_IMPLEMENTATIONS = YES;
				CLANG_WARN_DIRECT_OBJC_ISA_USAGE = YES_ERROR;
				CLANG_WARN_DOCUMENTATION_COMMENTS = YES;
				CLANG_WARN_EMPTY_BODY = YES;
				CLANG_WARN_ENUM_CONVERSION = YES;
				CLANG_WARN_INFINITE_RECURSION = YES;
				CLANG_WARN_INT_CONVERSION = YES;
				CLANG_WARN_NON_LITERAL_NULL_CONVERSION = YES;
				CLANG_WARN_OBJC_IMPLICIT_RETAIN_SELF = YES;
				CLANG_WARN_OBJC_LITERAL_CONVERSION = YES;
				CLANG_WARN_OBJC_ROOT_CLASS = YES_ERROR;
				CLANG_WARN_QUOTED_INCLUDE_IN_FRAMEWORK_HEADER = YES;
				CLANG_WARN_RANGE_LOOP_ANALYSIS = YES;
				CLANG_WARN_STRICT_PROTOTYPES = YES;
				CLANG_WARN_SUSPICIOUS_MOVE = YES;
				CLANG_WARN_UNGUARDED_AVAILABILITY = YES_AGGRESSIVE;
				CLANG_WARN_UNREACHABLE_CODE = YES;
				CLANG_WARN__DUPLICATE_METHOD_MATCH = YES;
				COPY_PHASE_STRIP = NO;
				DEBUG_INFORMATION_FORMAT = "dwarf-with-dsym";
				ENABLE_NS_ASSERTIONS = NO;
				ENABLE_STRICT_OBJC_MSGSEND = YES;
				GCC_C_LANGUAGE_STANDARD = gnu11;
				GCC_NO_COMMON_BLOCKS = YES;
				GCC_WARN_64_TO_32_BIT_CONVERSION = YES;
				GCC_WARN_ABOUT_RETURN_TYPE = YES_ERROR;
				GCC_WARN_UNDECLARED_SELECTOR = YES;
				GCC_WARN_UNINITIALIZED_AUTOS = YES_AGGRESSIVE;
				GCC_WARN_UNUSED_FUNCTION = YES;
				GCC_WARN_UNUSED_VARIABLE = YES;
				MACOSX_DEPLOYMENT_TARGET = 11.0;
				MTL_ENABLE_DEBUG_INFO = NO;
				MTL_FAST_MATH = YES;
				SDKROOT = macosx;
			};
			name = Release;
		};
		97DB478725D4598F003A779C /* Debug */ = {
			isa = XCBuildConfiguration;
			buildSettings = {
				CODE_SIGN_STYLE = Automatic;
				PRODUCT_NAME = "$(TARGET_NAME)";
			};
			name = Debug;
		};
		97DB478825D4598F003A779C /* Release */ = {
			isa = XCBuildConfiguration;
			buildSettings = {
				CODE_SIGN_STYLE = Automatic;
				PRODUCT_NAME = "$(TARGET_NAME)";
			};
			name = Release;
		};
/* End XCBuildConfiguration section */

/* Begin XCConfigurationList section */
		97DB477A25D4598F003A779C /* Build configuration list for PBXProject "simple_os" */ = {
			isa = XCConfigurationList;
			buildConfigurations = (
				97DB478425D4598F003A779C /* Debug */,
				97DB478525D4598F003A779C /* Release */,
			);
			defaultConfigurationIsVisible = 0;
			defaultConfigurationName = Release;
		};
		97DB478625D4598F003A779C /* Build configuration list for PBXNativeTarget "simple_os" */ = {
			isa = XCConfigurationList;
			buildConfigurations = (
				97DB478725D4598F003A779C /* Debug */,
				97DB478825D4598F003A779C /* Release */,
			);
			defaultConfigurationIsVisible = 0;
			defaultConfigurationName = Release;
		};
/* End XCConfigurationList section */
	};
	rootObject = 97DB477725D4598F003A779C /* Project object */;
}
